
Microsoft Visual Studio Solution File, Format Version 12.00
# Visual Studio 14
VisualStudioVersion = 14.0.24720.0
MinimumVisualStudioVersion = 10.0.40219.1
Project("{FAE04EC0-301F-11D3-BF4B-00C04F79EFBC}") = "Starbound-ShopGenerator", "Starbound-ShopGenerator\Starbound-ShopGenerator.csproj", "{A93F92D9-4762-4232-A9FF-86DD81A29026}"
EndProject
Global
	GlobalSection(SolutionConfigurationPlatforms) = preSolution
		Debug|Any CPU = Debug|Any CPU
		Release|Any CPU = Release|Any CPU
	EndGlobalSection
	GlobalSection(ProjectConfigurationPlatforms) = postSolution
		{A93F92D9-4762-4232-A9FF-86DD81A29026}.Debug|Any CPU.ActiveCfg = Debug|Any CPU
		{A93F92D9-4762-4232-A9FF-86DD81A29026}.Debug|Any CPU.Build.0 = Debug|Any CPU
		{A93F92D9-4762-4232-A9FF-86DD81A29026}.Release|Any CPU.ActiveCfg = Release|Any CPU
		{A93F92D9-4762-4232-A9FF-86DD81A29026}.Release|Any CPU.Build.0 = Release|Any CPU
	EndGlobalSection
	GlobalSection(SolutionProperties) = preSolution
		HideSolutionNode = FALSE
	EndGlobalSection
EndGlobal
